
Microsoft Visual Studio Solution File, Format Version 12.00
# Visual Studio Version 17
VisualStudioVersion = 17.10.35122.118
MinimumVisualStudioVersion = 10.0.40219.1
Project("{FAE04EC0-301F-11D3-BF4B-00C04F79EFBC}") = "PrimitiveTypes", "PrimitiveTypes\PrimitiveTypes.csproj", "{A55CDA33-A537-4250-9B59-D50C03408EE1}"
EndProject
Global
	GlobalSection(SolutionConfigurationPlatforms) = preSolution
		Debug|Any CPU = Debug|Any CPU
		Release|Any CPU = Release|Any CPU
	EndGlobalSection
	GlobalSection(ProjectConfigurationPlatforms) = postSolution
		{A55CDA33-A537-4250-9B59-D50C03408EE1}.Debug|Any CPU.ActiveCfg = Debug|Any CPU
		{A55CDA33-A537-4250-9B59-D50C03408EE1}.Debug|Any CPU.Build.0 = Debug|Any CPU
		{A55CDA33-A537-4250-9B59-D50C03408EE1}.Release|Any CPU.ActiveCfg = Release|Any CPU
		{A55CDA33-A537-4250-9B59-D50C03408EE1}.Release|Any CPU.Build.0 = Release|Any CPU
	EndGlobalSection
	GlobalSection(SolutionProperties) = preSolution
		HideSolutionNode = FALSE
	EndGlobalSection
	GlobalSection(ExtensibilityGlobals) = postSolution
		SolutionGuid = {0C1B8E2A-23C5-48ED-8E42-8E4A02BC3FFB}
	EndGlobalSection
EndGlobal
