
Microsoft Visual Studio Solution File, Format Version 12.00
# Visual Studio Version 17
VisualStudioVersion = 17.10.35122.118
MinimumVisualStudioVersion = 10.0.40219.1
Project("{FAE04EC0-301F-11D3-BF4B-00C04F79EFBC}") = "Files", "Files\Files.csproj", "{18E16A35-9AB7-4196-B648-6E8B61C9ADAD}"
EndProject
Global
	GlobalSection(SolutionConfigurationPlatforms) = preSolution
		Debug|Any CPU = Debug|Any CPU
		Release|Any CPU = Release|Any CPU
	EndGlobalSection
	GlobalSection(ProjectConfigurationPlatforms) = postSolution
		{18E16A35-9AB7-4196-B648-6E8B61C9ADAD}.Debug|Any CPU.ActiveCfg = Debug|Any CPU
		{18E16A35-9AB7-4196-B648-6E8B61C9ADAD}.Debug|Any CPU.Build.0 = Debug|Any CPU
		{18E16A35-9AB7-4196-B648-6E8B61C9ADAD}.Release|Any CPU.ActiveCfg = Release|Any CPU
		{18E16A35-9AB7-4196-B648-6E8B61C9ADAD}.Release|Any CPU.Build.0 = Release|Any CPU
	EndGlobalSection
	GlobalSection(SolutionProperties) = preSolution
		HideSolutionNode = FALSE
	EndGlobalSection
	GlobalSection(ExtensibilityGlobals) = postSolution
		SolutionGuid = {5E6B5E88-5B09-461F-B0AB-20B172BC6BB3}
	EndGlobalSection
EndGlobal
